
Microsoft Visual Studio Solution File, Format Version 12.00
# Visual Studio Version 17
VisualStudioVersion = 17.7.34202.233
MinimumVisualStudioVersion = 10.0.40219.1
Project("{9A19103F-16F7-4668-BE54-9A1E7A4F7556}") = "ConsoleApp1", "ConsoleApp1\ConsoleApp1.csproj", "{9C159918-B8A0-439B-A52F-FA9B22D50375}"
EndProject
Project("{FAE04EC0-301F-11D3-BF4B-00C04F79EFBC}") = "ConsoleApp1.Test", "ConsoleApp1.Test\ConsoleApp1.Test.csproj", "{98A6C31B-9259-4ED8-8942-3010C40D25C9}"
EndProject
Global
	GlobalSection(SolutionConfigurationPlatforms) = preSolution
		Debug|Any CPU = Debug|Any CPU
		Release|Any CPU = Release|Any CPU
	EndGlobalSection
	GlobalSection(ProjectConfigurationPlatforms) = postSolution
		{9C159918-B8A0-439B-A52F-FA9B22D50375}.Debug|Any CPU.ActiveCfg = Debug|Any CPU
		{9C159918-B8A0-439B-A52F-FA9B22D50375}.Debug|Any CPU.Build.0 = Debug|Any CPU
		{9C159918-B8A0-439B-A52F-FA9B22D50375}.Release|Any CPU.ActiveCfg = Release|Any CPU
		{9C159918-B8A0-439B-A52F-FA9B22D50375}.Release|Any CPU.Build.0 = Release|Any CPU
		{98A6C31B-9259-4ED8-8942-3010C40D25C9}.Debug|Any CPU.ActiveCfg = Debug|Any CPU
		{98A6C31B-9259-4ED8-8942-3010C40D25C9}.Debug|Any CPU.Build.0 = Debug|Any CPU
		{98A6C31B-9259-4ED8-8942-3010C40D25C9}.Release|Any CPU.ActiveCfg = Release|Any CPU
		{98A6C31B-9259-4ED8-8942-3010C40D25C9}.Release|Any CPU.Build.0 = Release|Any CPU
	EndGlobalSection
	GlobalSection(SolutionProperties) = preSolution
		HideSolutionNode = FALSE
	EndGlobalSection
	GlobalSection(ExtensibilityGlobals) = postSolution
		SolutionGuid = {3720AB12-CBBD-40C8-857F-EB368A1D2A2D}
	EndGlobalSection
EndGlobal
